{
  "lockfileVersion": 1,
  "configVersion": 1,
  "workspaces": {
    "": {
      "name": "@li0ard/mrtd_passive_auth",
      "dependencies": {
        "@li0ard/icaopkd": "^0.1.0",
        "@li0ard/tsemrtd": "^0.3.5",
        "@noble/curves": "^2.4.0",
        "@noble/hashes": "^2.4.0",
        "@peculiar/asn1-cms": "^2.10.0",
        "@peculiar/asn1-ecc": "^2.10.0",
        "@peculiar/asn1-rsa": "^2.10.0",
        "@peculiar/asn1-schema": "^2.10.0",
        "chalk": "^5.6.2",
        "micro-rsa-dsa-dh": "^0.2.3",
      },
      "devDependencies": {
        "@types/bun": "latest",
      },
      "peerDependencies": {
        "typescript": "^5.9.3",
      },
    },
  },
  "packages": {
    "@li0ard/icaopkd": ["@li0ard/icaopkd@0.1.0", "", { "dependencies": { "@peculiar/asn1-cms": "^2.6.0", "@peculiar/asn1-schema": "^2.6.0" }, "peerDependencies": { "typescript": "^5.0.0" } }, "sha512-XN5vN4eKCc8sIGBATP2Q9OZ4x9vAHdtRS/zjSpuDI0JlLoxmDa8fQZan21jUcIS7LXaPJu0+SbQs62wbA1Rc6A=="],

    "@li0ard/tinytlv": ["@li0ard/tinytlv@0.1.1", "", { "peerDependencies": { "typescript": "^5.0.0" } }, "sha512-gDo3uZ23Ad5OP4VloKJLdR/l2GKV+xavhZPQwqvFqn3O8gJa8/qnLPAFjCxk0aX6Uzbq0edmFp7Pmxm/oftiDA=="],

    "@li0ard/tsemrtd": ["@li0ard/tsemrtd@0.3.5", "", { "dependencies": { "@li0ard/tinytlv": "^0.1.1", "@noble/hashes": "^2.4.0", "@peculiar/asn1-cms": "^2.10.0", "@peculiar/asn1-schema": "^2.10.0", "@peculiar/asn1-x509": "^2.10.0" }, "peerDependencies": { "typescript": "^5.9.3" } }, "sha512-RIxWEAz3j1c8VKgwd2ce/tjf1v/D/6TsQQ5BCDJIHmj8sL5oAPdTAXD7CS/YdTAQwkUnVIYQT06xw0KNNrIZJg=="],

    "@noble/curves": ["@noble/curves@2.4.0", "", { "dependencies": { "@noble/hashes": "2.4.0" } }, "sha512-P4/62zrgfH33CneE3Dn4WhJVA22YUU0eR51wKIan4NVRvwsA0YnPTwWGpNbpuacSujmSFLvyzpyuR30+fbq2Ew=="],

    "@noble/hashes": ["@noble/hashes@2.4.0", "", {}, "sha512-X5XaVWZIBCT7HHZGm5I7ZQXDwLG+bGXuSrMQAW+7Zvl87h1kmc1ZB1VSRJcpUfoUrGQp4Fkoxm5kZ+Ms+aW+eA=="],

    "@peculiar/asn1-cms": ["@peculiar/asn1-cms@2.10.0", "", { "dependencies": { "@peculiar/asn1-schema": "^2.10.0", "@peculiar/asn1-x509": "^2.10.0", "@peculiar/asn1-x509-attr": "^2.10.0", "asn1js": "^3.0.10", "tslib": "^2.8.1" } }, "sha512-CkX0H4NCIOMHOU3rh2xXZywinYZ/EnJlaOlJiGI0e5L4XjFqHf4iH30LMbXWChVppdA9ljbanjtzQFOhDNfTWg=="],

    "@peculiar/asn1-ecc": ["@peculiar/asn1-ecc@2.10.0", "", { "dependencies": { "@peculiar/asn1-schema": "^2.10.0", "@peculiar/asn1-x509": "^2.10.0", "asn1js": "^3.0.10", "tslib": "^2.8.1" } }, "sha512-GFd3iOjFrWX+QWH2R2dO5QSJyyRGv9CIBKtRlGlPNCvb2RvmCbBDexe91MJgV76c69d998Xsa+CvuQ98seoiPg=="],

    "@peculiar/asn1-rsa": ["@peculiar/asn1-rsa@2.10.0", "", { "dependencies": { "@peculiar/asn1-schema": "^2.10.0", "@peculiar/asn1-x509": "^2.10.0", "asn1js": "^3.0.10", "tslib": "^2.8.1" } }, "sha512-4Jvmwlh3gZAhNZ4/u7JSyLuce9hofOFZ4o3PYKAccCImGnyaT5CMym/ATgvAvqpOYFNW531oPZvJlEBhJy9VfA=="],

    "@peculiar/asn1-schema": ["@peculiar/asn1-schema@2.10.0", "", { "dependencies": { "@peculiar/utils": "^2.0.2", "asn1js": "^3.0.10", "tslib": "^2.8.1" } }, "sha512-GhokD41lV4gQrrLYm3wCkHfBOnJrnhDMgt4XeMW8gzfE1UdJqIuSwsE+ggf82XBjUXRJylcm+KIGQFa4utIVLw=="],

    "@peculiar/asn1-x509": ["@peculiar/asn1-x509@2.10.0", "", { "dependencies": { "@peculiar/asn1-schema": "^2.10.0", "@peculiar/utils": "^2.0.2", "asn1js": "^3.0.10", "tslib": "^2.8.1" } }, "sha512-ucNVg8+ANveTpMN3fy9lA2alryONdXc2A4cEG2hMniWbvQt+YOZoe8BI80YYNO8FBcuDY1qbDQ4uQGQVraHxGA=="],

    "@peculiar/asn1-x509-attr": ["@peculiar/asn1-x509-attr@2.10.0", "", { "dependencies": { "@peculiar/asn1-schema": "^2.10.0", "@peculiar/asn1-x509": "^2.10.0", "asn1js": "^3.0.10", "tslib": "^2.8.1" } }, "sha512-/85GtKOKmgvuSJNlaFfwGWNdRSZZ+hpF02NyM01XiCdzpaZONiBltDyfluFPvFx966CR+ZHNSG1jniwpy07oGg=="],

    "@peculiar/utils": ["@peculiar/utils@2.0.3", "", { "dependencies": { "tslib": "^2.8.1" } }, "sha512-+oL3HPFRIZ1St2K50lWCXiioIgSoxzz7R1J3uF6neO2yl1sgmpgY6XXJH4BdpoDkMWznQTeYF6oWNDZLCdQ4eQ=="],

    "@types/bun": ["@types/bun@1.4.2", "", { "dependencies": { "bun-types": "1.4.2" } }, "sha512-GimotNn7+ZV0uVArItBbriZsR1oNf0+WTzPkdcFrzShI7k2norL0uzEaJT8T33dWr7O/c9ZDuAFQrctKCi72oQ=="],

    "@types/node": ["@types/node@26.6.3", "", { "dependencies": { "undici-types": "~8.9.0" } }, "sha512-dsqMQQoeTLqu9wynDD00q573mNzso3IdQOAfHRJqLCcmCFPoGo9A1bDpUcv/9tnKpErQWv9uKeGfl37EIS02Yg=="],

    "asn1js": ["asn1js@3.0.10", "", { "dependencies": { "pvtsutils": "^1.3.6", "pvutils": "^1.1.5", "tslib": "^2.8.1" } }, "sha512-S2s3aOytiKdFRdulw2qPE51MzjzVOisppcVv7jVFR+Kw0kxwvFrDcYA0h7Ndqbmj0HkMIXYWaoj7fli8kgx1eg=="],

    "bun-types": ["bun-types@1.4.2", "", { "dependencies": { "@types/node": "*" } }, "sha512-bxV1FgK7yBIzjRe5zBozIM4Bem11ZJcCXSrjWRG3YWLt8yFDePu4cLjpebO8OvPeIE9trbyPF4fuj3Cia4Fj3w=="],

    "chalk": ["chalk@5.6.2", "", {}, "sha512-7NzBL0rN6fMUW+f7A6Io4h40qQlG+xGmtMxfbnH/K7TAtt8JQWVQK+6g0UXKMeVJoyV5EkkNsErQ8pVD3bLHbA=="],

    "micro-rsa-dsa-dh": ["micro-rsa-dsa-dh@0.2.3", "", { "dependencies": { "@noble/hashes": "^2.0.0" } }, "sha512-Mf1lBm4Ho2F3lthxltQQC9ZowpRsU1FSnSLWJC6WbPKZNKw3d7x3FKyxHK9jDaIJCoLL/z9US7m/OPLZM6DBCg=="],

    "pvtsutils": ["pvtsutils@1.3.6", "", { "dependencies": { "tslib": "^2.8.1" } }, "sha512-PLgQXQ6H2FWCaeRak8vvk1GW462lMxB5s3Jm673N82zI4vqtVUPuZdffdZbPDFRoU8kAhItWFtPCWiPpp4/EDg=="],

    "pvutils": ["pvutils@1.2.0", "", {}, "sha512-BbubeCEyTuQjVMakvJQ/Sxbc93F2pwmbsxONT/ZRrwU7Ua38d8unYTwXpTVLAKJ4BDuH9IGztCjQcd/N/39Dvg=="],

    "tslib": ["tslib@2.8.1", "", {}, "sha512-oJFu94HQb+KVduSUQL7wnpmqnfmLsOA/nAh6b6EH0wCEoK0/mPeXU6c3wKDV83MkOuHPRHtSXKKU99IBazS/2w=="],

    "typescript": ["typescript@5.9.3", "", { "bin": { "tsc": "bin/tsc", "tsserver": "bin/tsserver" } }, "sha512-jl1vZzPDinLr9eUt3J/t7V6FgNEw9QjvBPdysz9KfQDD41fQrC2Y4vKQdiaUpFT4bXlb1RHhLpp8wtm6M5TgSw=="],

    "undici-types": ["undici-types@8.9.0", "", {}, "sha512-KTDyRTYX8sWmKXAikPHHSyc63CRPETMctyjKFupcC6OBLXT3xsN0e9aF7m+mIXutFWpUXuedtowG7iLOzp0kQg=="],
  }
}
